
Microsoft Visual Studio Solution File, Format Version 12.00
# Visual Studio Version 16
VisualStudioVersion = 16.0.32510.428
MinimumVisualStudioVersion = 10.0.40219.1
Project("{FAE04EC0-301F-11D3-BF4B-00C04F79EFBC}") = "projeto", "projeto\projeto.csproj", "{5850B46D-9A07-4ECE-8EC5-D33875D7C845}"
EndProject
Global
	GlobalSection(SolutionConfigurationPlatforms) = preSolution
		Debug|Any CPU = Debug|Any CPU
		Release|Any CPU = Release|Any CPU
	EndGlobalSection
	GlobalSection(ProjectConfigurationPlatforms) = postSolution
		{5850B46D-9A07-4ECE-8EC5-D33875D7C845}.Debug|Any CPU.ActiveCfg = Debug|Any CPU
		{5850B46D-9A07-4ECE-8EC5-D33875D7C845}.Debug|Any CPU.Build.0 = Debug|Any CPU
		{5850B46D-9A07-4ECE-8EC5-D33875D7C845}.Release|Any CPU.ActiveCfg = Release|Any CPU
		{5850B46D-9A07-4ECE-8EC5-D33875D7C845}.Release|Any CPU.Build.0 = Release|Any CPU
	EndGlobalSection
	GlobalSection(SolutionProperties) = preSolution
		HideSolutionNode = FALSE
	EndGlobalSection
	GlobalSection(ExtensibilityGlobals) = postSolution
		SolutionGuid = {3D8C9521-8F88-4A57-8E65-387E6FDAC83A}
	EndGlobalSection
EndGlobal
